
Microsoft Visual Studio Solution File, Format Version 12.00
# Visual Studio Version 16
VisualStudioVersion = 16.0.29613.14
MinimumVisualStudioVersion = 10.0.40219.1
Project("{FAE04EC0-301F-11D3-BF4B-00C04F79EFBC}") = "Snakes", "Snakes\Snakes.csproj", "{76271F2F-1768-431A-86DD-CA666D029234}"
EndProject
Global
	GlobalSection(SolutionConfigurationPlatforms) = preSolution
		Debug|Any CPU = Debug|Any CPU
		Release|Any CPU = Release|Any CPU
	EndGlobalSection
	GlobalSection(ProjectConfigurationPlatforms) = postSolution
		{76271F2F-1768-431A-86DD-CA666D029234}.Debug|Any CPU.ActiveCfg = Debug|Any CPU
		{76271F2F-1768-431A-86DD-CA666D029234}.Debug|Any CPU.Build.0 = Debug|Any CPU
		{76271F2F-1768-431A-86DD-CA666D029234}.Release|Any CPU.ActiveCfg = Release|Any CPU
		{76271F2F-1768-431A-86DD-CA666D029234}.Release|Any CPU.Build.0 = Release|Any CPU
	EndGlobalSection
	GlobalSection(SolutionProperties) = preSolution
		HideSolutionNode = FALSE
	EndGlobalSection
	GlobalSection(ExtensibilityGlobals) = postSolution
		SolutionGuid = {DD4E8FE1-F826-44D3-8FAD-8339BECEA890}
	EndGlobalSection
EndGlobal
